
Microsoft Visual Studio Solution File, Format Version 12.00
# Visual Studio 2013
VisualStudioVersion = 12.0.31101.0
MinimumVisualStudioVersion = 10.0.40219.1
Project("{FAE04EC0-301F-11D3-BF4B-00C04F79EFBC}") = "Sel-3-01", "Sel-3-01.csproj", "{A5ADCF50-BC30-48DC-8426-DB45F439FDA9}"
EndProject
Project("{FAE04EC0-301F-11D3-BF4B-00C04F79EFBC}") = "Sel-3-02", "..\Sel-3-02\Sel-3-02.csproj", "{8F3DAEEF-095E-4ACD-B0CB-D1993174990E}"
EndProject
Project("{FAE04EC0-301F-11D3-BF4B-00C04F79EFBC}") = "Sel-3-04", "..\Sel-3-04\Sel-3-04.csproj", "{895C0F70-25C8-4232-B88B-F4F8ACBFC69D}"
EndProject
Project("{FAE04EC0-301F-11D3-BF4B-00C04F79EFBC}") = "Sel-3-05", "..\Sel-3-05\Sel-3-05.csproj", "{EACBF83D-C1F3-4DEF-83A5-BDE84886E446}"
EndProject
Project("{FAE04EC0-301F-11D3-BF4B-00C04F79EFBC}") = "Sel-3-07", "..\Sel-3-07\Sel-3-07.csproj", "{8AFC5900-7AF5-41BC-877D-98793D3D88CE}"
EndProject
Project("{FAE04EC0-301F-11D3-BF4B-00C04F79EFBC}") = "Sel-3-08", "..\Sel-3-08\Sel-3-08.csproj", "{41E337C7-4C82-4BE5-B9FC-32766EA11493}"
EndProject
Project("{FAE04EC0-301F-11D3-BF4B-00C04F79EFBC}") = "Sel-3-11", "..\Sel-3-11\Sel-3-11.csproj", "{02A9BADB-4508-4EC6-AF37-3BF1492E03C1}"
EndProject
Project("{FAE04EC0-301F-11D3-BF4B-00C04F79EFBC}") = "Sel-3-10", "..\Sel-3-10\Sel-3-10.csproj", "{31E5853D-79B0-4CF1-9BA6-AA22C7A4C9A7}"
EndProject
Project("{FAE04EC0-301F-11D3-BF4B-00C04F79EFBC}") = "Sel-3-12", "..\Sel-3-12\Sel-3-12.csproj", "{F43420EB-4ED1-4969-A080-BE21CD06A3F9}"
EndProject
Project("{FAE04EC0-301F-11D3-BF4B-00C04F79EFBC}") = "Sel-3-17", "..\Sel-3-17\Sel-3-17.csproj", "{6CF7FFD9-6463-4894-A36E-0B853BD7F2D8}"
EndProject
Global
	GlobalSection(SolutionConfigurationPlatforms) = preSolution
		Debug|Any CPU = Debug|Any CPU
		Release|Any CPU = Release|Any CPU
	EndGlobalSection
	GlobalSection(ProjectConfigurationPlatforms) = postSolution
		{A5ADCF50-BC30-48DC-8426-DB45F439FDA9}.Debug|Any CPU.ActiveCfg = Debug|Any CPU
		{A5ADCF50-BC30-48DC-8426-DB45F439FDA9}.Debug|Any CPU.Build.0 = Debug|Any CPU
		{A5ADCF50-BC30-48DC-8426-DB45F439FDA9}.Release|Any CPU.ActiveCfg = Release|Any CPU
		{A5ADCF50-BC30-48DC-8426-DB45F439FDA9}.Release|Any CPU.Build.0 = Release|Any CPU
		{8F3DAEEF-095E-4ACD-B0CB-D1993174990E}.Debug|Any CPU.ActiveCfg = Debug|Any CPU
		{8F3DAEEF-095E-4ACD-B0CB-D1993174990E}.Debug|Any CPU.Build.0 = Debug|Any CPU
		{8F3DAEEF-095E-4ACD-B0CB-D1993174990E}.Release|Any CPU.ActiveCfg = Release|Any CPU
		{8F3DAEEF-095E-4ACD-B0CB-D1993174990E}.Release|Any CPU.Build.0 = Release|Any CPU
		{895C0F70-25C8-4232-B88B-F4F8ACBFC69D}.Debug|Any CPU.ActiveCfg = Debug|Any CPU
		{895C0F70-25C8-4232-B88B-F4F8ACBFC69D}.Debug|Any CPU.Build.0 = Debug|Any CPU
		{895C0F70-25C8-4232-B88B-F4F8ACBFC69D}.Release|Any CPU.ActiveCfg = Release|Any CPU
		{895C0F70-25C8-4232-B88B-F4F8ACBFC69D}.Release|Any CPU.Build.0 = Release|Any CPU
		{EACBF83D-C1F3-4DEF-83A5-BDE84886E446}.Debug|Any CPU.ActiveCfg = Debug|Any CPU
		{EACBF83D-C1F3-4DEF-83A5-BDE84886E446}.Debug|Any CPU.Build.0 = Debug|Any CPU
		{EACBF83D-C1F3-4DEF-83A5-BDE84886E446}.Release|Any CPU.ActiveCfg = Release|Any CPU
		{EACBF83D-C1F3-4DEF-83A5-BDE84886E446}.Release|Any CPU.Build.0 = Release|Any CPU
		{8AFC5900-7AF5-41BC-877D-98793D3D88CE}.Debug|Any CPU.ActiveCfg = Debug|Any CPU
		{8AFC5900-7AF5-41BC-877D-98793D3D88CE}.Debug|Any CPU.Build.0 = Debug|Any CPU
		{8AFC5900-7AF5-41BC-877D-98793D3D88CE}.Release|Any CPU.ActiveCfg = Release|Any CPU
		{8AFC5900-7AF5-41BC-877D-98793D3D88CE}.Release|Any CPU.Build.0 = Release|Any CPU
		{41E337C7-4C82-4BE5-B9FC-32766EA11493}.Debug|Any CPU.ActiveCfg = Debug|Any CPU
		{41E337C7-4C82-4BE5-B9FC-32766EA11493}.Debug|Any CPU.Build.0 = Debug|Any CPU
		{41E337C7-4C82-4BE5-B9FC-32766EA11493}.Release|Any CPU.ActiveCfg = Release|Any CPU
		{41E337C7-4C82-4BE5-B9FC-32766EA11493}.Release|Any CPU.Build.0 = Release|Any CPU
		{02A9BADB-4508-4EC6-AF37-3BF1492E03C1}.Debug|Any CPU.ActiveCfg = Debug|Any CPU
		{02A9BADB-4508-4EC6-AF37-3BF1492E03C1}.Debug|Any CPU.Build.0 = Debug|Any CPU
		{02A9BADB-4508-4EC6-AF37-3BF1492E03C1}.Release|Any CPU.ActiveCfg = Release|Any CPU
		{02A9BADB-4508-4EC6-AF37-3BF1492E03C1}.Release|Any CPU.Build.0 = Release|Any CPU
		{31E5853D-79B0-4CF1-9BA6-AA22C7A4C9A7}.Debug|Any CPU.ActiveCfg = Debug|Any CPU
		{31E5853D-79B0-4CF1-9BA6-AA22C7A4C9A7}.Debug|Any CPU.Build.0 = Debug|Any CPU
		{31E5853D-79B0-4CF1-9BA6-AA22C7A4C9A7}.Release|Any CPU.ActiveCfg = Release|Any CPU
		{31E5853D-79B0-4CF1-9BA6-AA22C7A4C9A7}.Release|Any CPU.Build.0 = Release|Any CPU
		{F43420EB-4ED1-4969-A080-BE21CD06A3F9}.Debug|Any CPU.ActiveCfg = Debug|Any CPU
		{F43420EB-4ED1-4969-A080-BE21CD06A3F9}.Debug|Any CPU.Build.0 = Debug|Any CPU
		{F43420EB-4ED1-4969-A080-BE21CD06A3F9}.Release|Any CPU.ActiveCfg = Release|Any CPU
		{F43420EB-4ED1-4969-A080-BE21CD06A3F9}.Release|Any CPU.Build.0 = Release|Any CPU
		{6CF7FFD9-6463-4894-A36E-0B853BD7F2D8}.Debug|Any CPU.ActiveCfg = Debug|Any CPU
		{6CF7FFD9-6463-4894-A36E-0B853BD7F2D8}.Debug|Any CPU.Build.0 = Debug|Any CPU
		{6CF7FFD9-6463-4894-A36E-0B853BD7F2D8}.Release|Any CPU.ActiveCfg = Release|Any CPU
		{6CF7FFD9-6463-4894-A36E-0B853BD7F2D8}.Release|Any CPU.Build.0 = Release|Any CPU
	EndGlobalSection
	GlobalSection(SolutionProperties) = preSolution
		HideSolutionNode = FALSE
	EndGlobalSection
EndGlobal
